<?xml version="1.0" encoding="utf-8"?>
<Project ToolsVersion="4.0" xmlns="http://schemas.microsoft.com/developer/msbuild/2003">
  <ItemGroup>
    <Filter Include="Imgui">
      <UniqueIdentifier>{29f2004c-7006-44c1-a2cf-e8f744382205}</UniqueIdentifier>
    </Filter>
    <Filter Include="SourceCodes">
      <UniqueIdentifier>{85947ef6-0dd2-43de-b19c-0ec247b9aee4}</UniqueIdentifier>
    </Filter>
    <Filter Include="SourceCodes\Math">
      <UniqueIdentifier>{45753fa5-4619-446c-81f5-6e3a18457a96}</UniqueIdentifier>
    </Filter>
    <Filter Include="SourceCodes\Users">
      <UniqueIdentifier>{f431e633-1e0a-4582-a36d-b14228b7022c}</UniqueIdentifier>
    </Filter>
    <Filter Include="SourceCodes\WinAPI">
      <UniqueIdentifier>{77629839-7737-454f-8296-c2d4da178760}</UniqueIdentifier>
    </Filter>
    <Filter Include="SourceCodes\XAudio2">
      <UniqueIdentifier>{9035af13-eb3a-45b3-afed-37d8bdf5c1e8}</UniqueIdentifier>
    </Filter>
    <Filter Include="Shaders">
      <UniqueIdentifier>{a6ea7941-ca4d-44a5-94aa-14d6d901afaf}</UniqueIdentifier>
    </Filter>
    <Filter Include="SourceCodes\Input">
      <UniqueIdentifier>{d9ffa54c-25c9-464b-8fb9-cba15d9e7875}</UniqueIdentifier>
    </Filter>
    <Filter Include="SourceCodes\2D">
      <UniqueIdentifier>{5079feb3-b64e-44e8-a4db-be704da20071}</UniqueIdentifier>
    </Filter>
    <Filter Include="SourceCodes\DirectX">
      <UniqueIdentifier>{5bc33b23-416b-4fe5-b88b-23717eeb03bf}</UniqueIdentifier>
    </Filter>
    <Filter Include="SourceCodes\3D">
      <UniqueIdentifier>{bd378ddd-6327-46cd-9c44-886aef529555}</UniqueIdentifier>
    </Filter>
  </ItemGroup>
  <ItemGroup>
    <ClCompile Include="imgui\imgui.cpp">
      <Filter>Imgui</Filter>
    </ClCompile>
    <ClCompile Include="imgui\imgui_demo.cpp">
      <Filter>Imgui</Filter>
    </ClCompile>
    <ClCompile Include="imgui\imgui_draw.cpp">
      <Filter>Imgui</Filter>
    </ClCompile>
    <ClCompile Include="imgui\imgui_impl_dx12.cpp">
      <Filter>Imgui</Filter>
    </ClCompile>
    <ClCompile Include="imgui\imgui_impl_win32.cpp">
      <Filter>Imgui</Filter>
    </ClCompile>
    <ClCompile Include="imgui\imgui_tables.cpp">
      <Filter>Imgui</Filter>
    </ClCompile>
    <ClCompile Include="imgui\imgui_widgets.cpp">
      <Filter>Imgui</Filter>
    </ClCompile>
    <ClCompile Include="SourceCodes\2D\DirectX2D.cpp">
      <Filter>SourceCodes\2D</Filter>
    </ClCompile>
    <ClCompile Include="SourceCodes\3D\Object3D.cpp">
      <Filter>SourceCodes\3D</Filter>
    </ClCompile>
    <ClCompile Include="SourceCodes\3D\Model3DManager.cpp">
      <Filter>SourceCodes\3D</Filter>
    </ClCompile>
    <ClCompile Include="SourceCodes\3D\Shape.cpp">
      <Filter>SourceCodes\3D</Filter>
    </ClCompile>
    <ClCompile Include="SourceCodes\DirectX\Camera.cpp">
      <Filter>SourceCodes\DirectX</Filter>
    </ClCompile>
    <ClCompile Include="SourceCodes\DirectX\DescriptorHeap.cpp">
      <Filter>SourceCodes\DirectX</Filter>
    </ClCompile>
    <ClCompile Include="SourceCodes\DirectX\DirectXBase.cpp">
      <Filter>SourceCodes\DirectX</Filter>
    </ClCompile>
    <ClCompile Include="SourceCodes\DirectX\DirectXImportant.cpp">
      <Filter>SourceCodes\DirectX</Filter>
    </ClCompile>
    <ClCompile Include="SourceCodes\DirectX\GraphicsPipeline.cpp">
      <Filter>SourceCodes\DirectX</Filter>
    </ClCompile>
    <ClCompile Include="SourceCodes\Input\Input.cpp">
      <Filter>SourceCodes\Input</Filter>
    </ClCompile>
    <ClCompile Include="SourceCodes\Math\Collision.cpp">
      <Filter>SourceCodes\Math</Filter>
    </ClCompile>
    <ClCompile Include="SourceCodes\Math\CollisionPrimitive.cpp">
      <Filter>SourceCodes\Math</Filter>
    </ClCompile>
    <ClCompile Include="SourceCodes\Users\GameScene.cpp">
      <Filter>SourceCodes\Users</Filter>
    </ClCompile>
    <ClCompile Include="SourceCodes\WinAPI\WindowsAPI.cpp">
      <Filter>SourceCodes\WinAPI</Filter>
    </ClCompile>
    <ClCompile Include="SourceCodes\XAudio2\Music.cpp">
      <Filter>SourceCodes\XAudio2</Filter>
    </ClCompile>
    <ClCompile Include="SourceCodes\main.cpp">
      <Filter>SourceCodes</Filter>
    </ClCompile>
    <ClCompile Include="imgui\Dx12Wrapper.cpp">
      <Filter>Imgui</Filter>
    </ClCompile>
    <ClCompile Include="SourceCodes\3D\Material.cpp">
      <Filter>SourceCodes\3D</Filter>
    </ClCompile>
    <ClCompile Include="SourceCodes\3D\Mesh.cpp">
      <Filter>SourceCodes\3D</Filter>
    </ClCompile>
    <ClCompile Include="SourceCodes\3D\Model.cpp">
      <Filter>SourceCodes\3D</Filter>
    </ClCompile>
    <ClCompile Include="SourceCodes\3D\Object.cpp">
      <Filter>SourceCodes\3D</Filter>
    </ClCompile>
    <ClCompile Include="SourceCodes\3D\Light.cpp">
      <Filter>SourceCodes\3D</Filter>
    </ClCompile>
    <ClCompile Include="SourceCodes\2D\Sprite.cpp">
      <Filter>SourceCodes\2D</Filter>
    </ClCompile>
    <ClCompile Include="SourceCodes\Math\SphereCollider.cpp">
      <Filter>SourceCodes\Math</Filter>
    </ClCompile>
    <ClCompile Include="SourceCodes\Math\CollisionManager.cpp">
      <Filter>SourceCodes\Math</Filter>
    </ClCompile>
    <ClCompile Include="SourceCodes\2D\PostEffect.cpp">
      <Filter>SourceCodes\2D</Filter>
    </ClCompile>
    <ClCompile Include="SourceCodes\3D\FbxLoader.cpp">
      <Filter>SourceCodes\3D</Filter>
    </ClCompile>
    <ClCompile Include="SourceCodes\3D\FbxModel.cpp">
      <Filter>SourceCodes\3D</Filter>
    </ClCompile>
    <ClCompile Include="SourceCodes\3D\FbxObject3D.cpp">
      <Filter>SourceCodes\3D</Filter>
    </ClCompile>
    <ClCompile Include="SourceCodes\2D\RenderTarget.cpp">
      <Filter>SourceCodes\2D</Filter>
    </ClCompile>
    <ClCompile Include="SourceCodes\2D\GaussianBlur.cpp">
      <Filter>SourceCodes\2D</Filter>
    </ClCompile>
    <ClCompile Include="SourceCodes\2D\Texture.cpp">
      <Filter>SourceCodes\2D</Filter>
    </ClCompile>
    <ClCompile Include="imgui\ImguiControl.cpp">
      <Filter>Imgui</Filter>
    </ClCompile>
    <ClCompile Include="SourceCodes\3D\PointLight.cpp">
      <Filter>SourceCodes\3D</Filter>
    </ClCompile>
    <ClCompile Include="SourceCodes\2D\ShadowMap.cpp">
      <Filter>SourceCodes\2D</Filter>
    </ClCompile>
    <ClCompile Include="SourceCodes\DirectX\ConstantBuffer.cpp">
      <Filter>SourceCodes\DirectX</Filter>
    </ClCompile>
    <ClCompile Include="SourceCodes\Math\OBBCollision.cpp">
      <Filter>SourceCodes\Math</Filter>
    </ClCompile>
  </ItemGroup>
  <ItemGroup>
    <ClInclude Include="imgui\imconfig.h">
      <Filter>Imgui</Filter>
    </ClInclude>
    <ClInclude Include="imgui\imgui.h">
      <Filter>Imgui</Filter>
    </ClInclude>
    <ClInclude Include="imgui\imgui_impl_dx12.h">
      <Filter>Imgui</Filter>
    </ClInclude>
    <ClInclude Include="imgui\imgui_impl_win32.h">
      <Filter>Imgui</Filter>
    </ClInclude>
    <ClInclude Include="imgui\imgui_internal.h">
      <Filter>Imgui</Filter>
    </ClInclude>
    <ClInclude Include="imgui\imstb_rectpack.h">
      <Filter>Imgui</Filter>
    </ClInclude>
    <ClInclude Include="imgui\imstb_textedit.h">
      <Filter>Imgui</Filter>
    </ClInclude>
    <ClInclude Include="imgui\imstb_truetype.h">
      <Filter>Imgui</Filter>
    </ClInclude>
    <ClInclude Include="SourceCodes\2D\DirectX2D.h">
      <Filter>SourceCodes\2D</Filter>
    </ClInclude>
    <ClInclude Include="SourceCodes\3D\Object3D.h">
      <Filter>SourceCodes\3D</Filter>
    </ClInclude>
    <ClInclude Include="SourceCodes\3D\Model3DManager.h">
      <Filter>SourceCodes\3D</Filter>
    </ClInclude>
    <ClInclude Include="SourceCodes\3D\Shape.h">
      <Filter>SourceCodes\3D</Filter>
    </ClInclude>
    <ClInclude Include="SourceCodes\DirectX\Camera.h">
      <Filter>SourceCodes\DirectX</Filter>
    </ClInclude>
    <ClInclude Include="SourceCodes\DirectX\DescriptorHeap.h">
      <Filter>SourceCodes\DirectX</Filter>
    </ClInclude>
    <ClInclude Include="SourceCodes\DirectX\DirectXBase.h">
      <Filter>SourceCodes\DirectX</Filter>
    </ClInclude>
    <ClInclude Include="SourceCodes\DirectX\DirectXImportant.h">
      <Filter>SourceCodes\DirectX</Filter>
    </ClInclude>
    <ClInclude Include="SourceCodes\DirectX\GraphicsPipeline.h">
      <Filter>SourceCodes\DirectX</Filter>
    </ClInclude>
    <ClInclude Include="SourceCodes\Input\Input.h">
      <Filter>SourceCodes\Input</Filter>
    </ClInclude>
    <ClInclude Include="SourceCodes\Math\Collision.h">
      <Filter>SourceCodes\Math</Filter>
    </ClInclude>
    <ClInclude Include="SourceCodes\Math\CollisionPrimitive.h">
      <Filter>SourceCodes\Math</Filter>
    </ClInclude>
    <ClInclude Include="SourceCodes\Users\GameScene.h">
      <Filter>SourceCodes\Users</Filter>
    </ClInclude>
    <ClInclude Include="SourceCodes\WinAPI\WindowsAPI.h">
      <Filter>SourceCodes\WinAPI</Filter>
    </ClInclude>
    <ClInclude Include="SourceCodes\XAudio2\Music.h">
      <Filter>SourceCodes\XAudio2</Filter>
    </ClInclude>
    <ClInclude Include="SourceCodes\Singleton.h">
      <Filter>SourceCodes</Filter>
    </ClInclude>
    <ClInclude Include="imgui\Dx12Wrapper.h">
      <Filter>Imgui</Filter>
    </ClInclude>
    <ClInclude Include="SourceCodes\3D\Material.h">
      <Filter>SourceCodes\3D</Filter>
    </ClInclude>
    <ClInclude Include="SourceCodes\3D\Mesh.h">
      <Filter>SourceCodes\3D</Filter>
    </ClInclude>
    <ClInclude Include="SourceCodes\3D\Model.h">
      <Filter>SourceCodes\3D</Filter>
    </ClInclude>
    <ClInclude Include="SourceCodes\3D\Object.h">
      <Filter>SourceCodes\3D</Filter>
    </ClInclude>
    <ClInclude Include="SourceCodes\3D\Light.h">
      <Filter>SourceCodes\3D</Filter>
    </ClInclude>
    <ClInclude Include="SourceCodes\2D\Sprite.h">
      <Filter>SourceCodes\2D</Filter>
    </ClInclude>
    <ClInclude Include="SourceCodes\Math\Easing.h">
      <Filter>SourceCodes\Math</Filter>
    </ClInclude>
    <ClInclude Include="SourceCodes\Math\OgaJHelper.h">
      <Filter>SourceCodes\Math</Filter>
    </ClInclude>
    <ClInclude Include="SourceCodes\Math\CollisionTypes.h">
      <Filter>SourceCodes\Math</Filter>
    </ClInclude>
    <ClInclude Include="SourceCodes\Math\BaseCollider.h">
      <Filter>SourceCodes\Math</Filter>
    </ClInclude>
    <ClInclude Include="SourceCodes\Math\CollisionInfo.h">
      <Filter>SourceCodes\Math</Filter>
    </ClInclude>
    <ClInclude Include="SourceCodes\Math\SphereCollider.h">
      <Filter>SourceCodes\Math</Filter>
    </ClInclude>
    <ClInclude Include="SourceCodes\Math\CollisionManager.h">
      <Filter>SourceCodes\Math</Filter>
    </ClInclude>
    <ClInclude Include="SourceCodes\Math\RaycastHit.h">
      <Filter>SourceCodes\Math</Filter>
    </ClInclude>
    <ClInclude Include="SourceCodes\Math\MeshCollider.h">
      <Filter>SourceCodes\Math</Filter>
    </ClInclude>
    <ClInclude Include="SourceCodes\2D\PostEffect.h">
      <Filter>SourceCodes\2D</Filter>
    </ClInclude>
    <ClInclude Include="SourceCodes\3D\FbxLoader.h">
      <Filter>SourceCodes\3D</Filter>
    </ClInclude>
    <ClInclude Include="SourceCodes\3D\FbxModel.h">
      <Filter>SourceCodes\3D</Filter>
    </ClInclude>
    <ClInclude Include="SourceCodes\3D\FbxObject3D.h">
      <Filter>SourceCodes\3D</Filter>
    </ClInclude>
    <ClInclude Include="SourceCodes\2D\RenderTarget.h">
      <Filter>SourceCodes\2D</Filter>
    </ClInclude>
    <ClInclude Include="SourceCodes\2D\GaussianBlur.h">
      <Filter>SourceCodes\2D</Filter>
    </ClInclude>
    <ClInclude Include="SourceCodes\2D\Texture.h">
      <Filter>SourceCodes\2D</Filter>
    </ClInclude>
    <ClInclude Include="SourceCodes\2D\IShaderResource.h">
      <Filter>SourceCodes\2D</Filter>
    </ClInclude>
    <ClInclude Include="imgui\ImguiControl.h">
      <Filter>Imgui</Filter>
    </ClInclude>
    <ClInclude Include="SourceCodes\3D\PointLight.h">
      <Filter>SourceCodes\3D</Filter>
    </ClInclude>
    <ClInclude Include="SourceCodes\2D\ShadowMap.h">
      <Filter>SourceCodes\2D</Filter>
    </ClInclude>
    <ClInclude Include="SourceCodes\DirectX\ConstantBuffer.h">
      <Filter>SourceCodes\DirectX</Filter>
    </ClInclude>
    <ClInclude Include="SourceCodes\Math\OBBCollision.h">
      <Filter>SourceCodes\Math</Filter>
    </ClInclude>
  </ItemGroup>
  <ItemGroup>
    <FxCompile Include="Resources\Shaders\BasicGeometryShader.hlsl">
      <Filter>Shaders</Filter>
    </FxCompile>
    <FxCompile Include="Resources\Shaders\BasicPS.hlsl">
      <Filter>Shaders</Filter>
    </FxCompile>
    <FxCompile Include="Resources\Shaders\BasicVS.hlsl">
      <Filter>Shaders</Filter>
    </FxCompile>
    <FxCompile Include="Resources\Shaders\ObjPS.hlsl">
      <Filter>Shaders</Filter>
    </FxCompile>
    <FxCompile Include="Resources\Shaders\ObjVS.hlsl">
      <Filter>Shaders</Filter>
    </FxCompile>
    <FxCompile Include="Resources\Shaders\SpritePixelShader.hlsl">
      <Filter>Shaders</Filter>
    </FxCompile>
    <FxCompile Include="Resources\Shaders\SpriteVertexShader.hlsl">
      <Filter>Shaders</Filter>
    </FxCompile>
    <FxCompile Include="Resources\Shaders\PostEffectTestPS.hlsl">
      <Filter>Shaders</Filter>
    </FxCompile>
    <FxCompile Include="Resources\Shaders\PostEffectTestVS.hlsl">
      <Filter>Shaders</Filter>
    </FxCompile>
    <FxCompile Include="Resources\Shaders\FBXPS.hlsl">
      <Filter>Shaders</Filter>
    </FxCompile>
    <FxCompile Include="Resources\Shaders\FBXVS.hlsl">
      <Filter>Shaders</Filter>
    </FxCompile>
    <FxCompile Include="Resources\Shaders\UnityPS.hlsl">
      <Filter>Shaders</Filter>
    </FxCompile>
    <FxCompile Include="Resources\Shaders\UnityVS.hlsl">
      <Filter>Shaders</Filter>
    </FxCompile>
    <FxCompile Include="Resources\Shaders\LuminancePS.hlsl">
      <Filter>Shaders</Filter>
    </FxCompile>
    <FxCompile Include="Resources\Shaders\GaussianBlurPS.hlsl">
      <Filter>Shaders</Filter>
    </FxCompile>
    <FxCompile Include="Resources\Shaders\GaussianBlurVS.hlsl">
      <Filter>Shaders</Filter>
    </FxCompile>
    <FxCompile Include="Resources\Shaders\ShadowMapVS.hlsl">
      <Filter>Shaders</Filter>
    </FxCompile>
    <FxCompile Include="Resources\Shaders\ShadowMapPS.hlsl">
      <Filter>Shaders</Filter>
    </FxCompile>
  </ItemGroup>
  <ItemGroup>
    <None Include="Resources\Shaders\BasicShaderHeader.hlsli">
      <Filter>Shaders</Filter>
    </None>
    <None Include="Resources\Shaders\ObjShaderHeader.hlsli">
      <Filter>Shaders</Filter>
    </None>
    <None Include="Resources\Shaders\SpriteShaderHeader.hlsli">
      <Filter>Shaders</Filter>
    </None>
    <None Include="Resources\Shaders\PostEffectTest.hlsli">
      <Filter>Shaders</Filter>
    </None>
    <None Include="Resources\Shaders\FBX.hlsli">
      <Filter>Shaders</Filter>
    </None>
    <None Include="Resources\Shaders\UnityShaderHeader.hlsli">
      <Filter>Shaders</Filter>
    </None>
    <None Include="Resources\Shaders\GaussianBlurShaderHeader.hlsli">
      <Filter>Shaders</Filter>
    </None>
    <None Include="Resources\Shaders\ShadowMapShaderHeader.hlsli">
      <Filter>Shaders</Filter>
    </None>
  </ItemGroup>
</Project>